
Microsoft Visual Studio Solution File, Format Version 12.00
# Visual Studio 15
VisualStudioVersion = 15.0.28010.2050
MinimumVisualStudioVersion = 10.0.40219.1
Project("{FAE04EC0-301F-11D3-BF4B-00C04F79EFBC}") = "SoCalCodeCamp.DeepDive.Android", "SoCalCodeCamp.DeepDive\SoCalCodeCamp.DeepDive.Android\SoCalCodeCamp.DeepDive.Android.csproj", "{73B6F377-032B-456B-95CC-AF16D83D1CCC}"
EndProject
Project("{FAE04EC0-301F-11D3-BF4B-00C04F79EFBC}") = "SoCalCodeCamp.DeepDive.iOS", "SoCalCodeCamp.DeepDive\SoCalCodeCamp.DeepDive.iOS\SoCalCodeCamp.DeepDive.iOS.csproj", "{A3F5C83E-9A07-41A4-8413-DB78D8997079}"
EndProject
Project("{FAE04EC0-301F-11D3-BF4B-00C04F79EFBC}") = "SoCalCodeCamp.DeepDive.UWP", "SoCalCodeCamp.DeepDive\SoCalCodeCamp.DeepDive.UWP\SoCalCodeCamp.DeepDive.UWP.csproj", "{593E83A5-BD66-4B30-9D44-B3E1607F69B4}"
EndProject
Project("{FAE04EC0-301F-11D3-BF4B-00C04F79EFBC}") = "SoCalCodeCamp.DeepDive", "SoCalCodeCamp.DeepDive\SoCalCodeCamp.DeepDive\SoCalCodeCamp.DeepDive.csproj", "{D9E52CA4-A947-436E-941D-90AE0DDBE3EF}"
EndProject
Global
	GlobalSection(SolutionConfigurationPlatforms) = preSolution
		Ad-Hoc|Any CPU = Ad-Hoc|Any CPU
		Ad-Hoc|ARM = Ad-Hoc|ARM
		Ad-Hoc|iPhone = Ad-Hoc|iPhone
		Ad-Hoc|iPhoneSimulator = Ad-Hoc|iPhoneSimulator
		Ad-Hoc|x64 = Ad-Hoc|x64
		Ad-Hoc|x86 = Ad-Hoc|x86
		AppStore|Any CPU = AppStore|Any CPU
		AppStore|ARM = AppStore|ARM
		AppStore|iPhone = AppStore|iPhone
		AppStore|iPhoneSimulator = AppStore|iPhoneSimulator
		AppStore|x64 = AppStore|x64
		AppStore|x86 = AppStore|x86
		Debug|Any CPU = Debug|Any CPU
		Debug|ARM = Debug|ARM
		Debug|iPhone = Debug|iPhone
		Debug|iPhoneSimulator = Debug|iPhoneSimulator
		Debug|x64 = Debug|x64
		Debug|x86 = Debug|x86
		Release|Any CPU = Release|Any CPU
		Release|ARM = Release|ARM
		Release|iPhone = Release|iPhone
		Release|iPhoneSimulator = Release|iPhoneSimulator
		Release|x64 = Release|x64
		Release|x86 = Release|x86
	EndGlobalSection
	GlobalSection(ProjectConfigurationPlatforms) = postSolution
		{73B6F377-032B-456B-95CC-AF16D83D1CCC}.Ad-Hoc|Any CPU.ActiveCfg = Release|Any CPU
		{73B6F377-032B-456B-95CC-AF16D83D1CCC}.Ad-Hoc|Any CPU.Build.0 = Release|Any CPU
		{73B6F377-032B-456B-95CC-AF16D83D1CCC}.Ad-Hoc|Any CPU.Deploy.0 = Release|Any CPU
		{73B6F377-032B-456B-95CC-AF16D83D1CCC}.Ad-Hoc|ARM.ActiveCfg = Release|Any CPU
		{73B6F377-032B-456B-95CC-AF16D83D1CCC}.Ad-Hoc|ARM.Build.0 = Release|Any CPU
		{73B6F377-032B-456B-95CC-AF16D83D1CCC}.Ad-Hoc|ARM.Deploy.0 = Release|Any CPU
		{73B6F377-032B-456B-95CC-AF16D83D1CCC}.Ad-Hoc|iPhone.ActiveCfg = Release|Any CPU
		{73B6F377-032B-456B-95CC-AF16D83D1CCC}.Ad-Hoc|iPhone.Build.0 = Release|Any CPU
		{73B6F377-032B-456B-95CC-AF16D83D1CCC}.Ad-Hoc|iPhone.Deploy.0 = Release|Any CPU
		{73B6F377-032B-456B-95CC-AF16D83D1CCC}.Ad-Hoc|iPhoneSimulator.ActiveCfg = Release|Any CPU
		{73B6F377-032B-456B-95CC-AF16D83D1CCC}.Ad-Hoc|iPhoneSimulator.Build.0 = Release|Any CPU
		{73B6F377-032B-456B-95CC-AF16D83D1CCC}.Ad-Hoc|iPhoneSimulator.Deploy.0 = Release|Any CPU
		{73B6F377-032B-456B-95CC-AF16D83D1CCC}.Ad-Hoc|x64.ActiveCfg = Release|Any CPU
		{73B6F377-032B-456B-95CC-AF16D83D1CCC}.Ad-Hoc|x64.Build.0 = Release|Any CPU
		{73B6F377-032B-456B-95CC-AF16D83D1CCC}.Ad-Hoc|x64.Deploy.0 = Release|Any CPU
		{73B6F377-032B-456B-95CC-AF16D83D1CCC}.Ad-Hoc|x86.ActiveCfg = Release|Any CPU
		{73B6F377-032B-456B-95CC-AF16D83D1CCC}.Ad-Hoc|x86.Build.0 = Release|Any CPU
		{73B6F377-032B-456B-95CC-AF16D83D1CCC}.Ad-Hoc|x86.Deploy.0 = Release|Any CPU
		{73B6F377-032B-456B-95CC-AF16D83D1CCC}.AppStore|Any CPU.ActiveCfg = Release|Any CPU
		{73B6F377-032B-456B-95CC-AF16D83D1CCC}.AppStore|Any CPU.Build.0 = Release|Any CPU
		{73B6F377-032B-456B-95CC-AF16D83D1CCC}.AppStore|Any CPU.Deploy.0 = Release|Any CPU
		{73B6F377-032B-456B-95CC-AF16D83D1CCC}.AppStore|ARM.ActiveCfg = Release|Any CPU
		{73B6F377-032B-456B-95CC-AF16D83D1CCC}.AppStore|ARM.Build.0 = Release|Any CPU
		{73B6F377-032B-456B-95CC-AF16D83D1CCC}.AppStore|ARM.Deploy.0 = Release|Any CPU
		{73B6F377-032B-456B-95CC-AF16D83D1CCC}.AppStore|iPhone.ActiveCfg = Release|Any CPU
		{73B6F377-032B-456B-95CC-AF16D83D1CCC}.AppStore|iPhone.Build.0 = Release|Any CPU
		{73B6F377-032B-456B-95CC-AF16D83D1CCC}.AppStore|iPhone.Deploy.0 = Release|Any CPU
		{73B6F377-032B-456B-95CC-AF16D83D1CCC}.AppStore|iPhoneSimulator.ActiveCfg = Release|Any CPU
		{73B6F377-032B-456B-95CC-AF16D83D1CCC}.AppStore|iPhoneSimulator.Build.0 = Release|Any CPU
		{73B6F377-032B-456B-95CC-AF16D83D1CCC}.AppStore|iPhoneSimulator.Deploy.0 = Release|Any CPU
		{73B6F377-032B-456B-95CC-AF16D83D1CCC}.AppStore|x64.ActiveCfg = Release|Any CPU
		{73B6F377-032B-456B-95CC-AF16D83D1CCC}.AppStore|x64.Build.0 = Release|Any CPU
		{73B6F377-032B-456B-95CC-AF16D83D1CCC}.AppStore|x64.Deploy.0 = Release|Any CPU
		{73B6F377-032B-456B-95CC-AF16D83D1CCC}.AppStore|x86.ActiveCfg = Release|Any CPU
		{73B6F377-032B-456B-95CC-AF16D83D1CCC}.AppStore|x86.Build.0 = Release|Any CPU
		{73B6F377-032B-456B-95CC-AF16D83D1CCC}.AppStore|x86.Deploy.0 = Release|Any CPU
		{73B6F377-032B-456B-95CC-AF16D83D1CCC}.Debug|Any CPU.ActiveCfg = Debug|Any CPU
		{73B6F377-032B-456B-95CC-AF16D83D1CCC}.Debug|Any CPU.Build.0 = Debug|Any CPU
		{73B6F377-032B-456B-95CC-AF16D83D1CCC}.Debug|Any CPU.Deploy.0 = Debug|Any CPU
		{73B6F377-032B-456B-95CC-AF16D83D1CCC}.Debug|ARM.ActiveCfg = Debug|Any CPU
		{73B6F377-032B-456B-95CC-AF16D83D1CCC}.Debug|ARM.Build.0 = Debug|Any CPU
		{73B6F377-032B-456B-95CC-AF16D83D1CCC}.Debug|ARM.Deploy.0 = Debug|Any CPU
		{73B6F377-032B-456B-95CC-AF16D83D1CCC}.Debug|iPhone.ActiveCfg = Debug|Any CPU
		{73B6F377-032B-456B-95CC-AF16D83D1CCC}.Debug|iPhone.Build.0 = Debug|Any CPU
		{73B6F377-032B-456B-95CC-AF16D83D1CCC}.Debug|iPhone.Deploy.0 = Debug|Any CPU
		{73B6F377-032B-456B-95CC-AF16D83D1CCC}.Debug|iPhoneSimulator.ActiveCfg = Debug|Any CPU
		{73B6F377-032B-456B-95CC-AF16D83D1CCC}.Debug|iPhoneSimulator.Build.0 = Debug|Any CPU
		{73B6F377-032B-456B-95CC-AF16D83D1CCC}.Debug|iPhoneSimulator.Deploy.0 = Debug|Any CPU
		{73B6F377-032B-456B-95CC-AF16D83D1CCC}.Debug|x64.ActiveCfg = Debug|Any CPU
		{73B6F377-032B-456B-95CC-AF16D83D1CCC}.Debug|x64.Build.0 = Debug|Any CPU
		{73B6F377-032B-456B-95CC-AF16D83D1CCC}.Debug|x64.Deploy.0 = Debug|Any CPU
		{73B6F377-032B-456B-95CC-AF16D83D1CCC}.Debug|x86.ActiveCfg = Debug|Any CPU
		{73B6F377-032B-456B-95CC-AF16D83D1CCC}.Debug|x86.Build.0 = Debug|Any CPU
		{73B6F377-032B-456B-95CC-AF16D83D1CCC}.Debug|x86.Deploy.0 = Debug|Any CPU
		{73B6F377-032B-456B-95CC-AF16D83D1CCC}.Release|Any CPU.ActiveCfg = Release|Any CPU
		{73B6F377-032B-456B-95CC-AF16D83D1CCC}.Release|Any CPU.Build.0 = Release|Any CPU
		{73B6F377-032B-456B-95CC-AF16D83D1CCC}.Release|Any CPU.Deploy.0 = Release|Any CPU
		{73B6F377-032B-456B-95CC-AF16D83D1CCC}.Release|ARM.ActiveCfg = Release|Any CPU
		{73B6F377-032B-456B-95CC-AF16D83D1CCC}.Release|ARM.Build.0 = Release|Any CPU
		{73B6F377-032B-456B-95CC-AF16D83D1CCC}.Release|ARM.Deploy.0 = Release|Any CPU
		{73B6F377-032B-456B-95CC-AF16D83D1CCC}.Release|iPhone.ActiveCfg = Release|Any CPU
		{73B6F377-032B-456B-95CC-AF16D83D1CCC}.Release|iPhone.Build.0 = Release|Any CPU
		{73B6F377-032B-456B-95CC-AF16D83D1CCC}.Release|iPhone.Deploy.0 = Release|Any CPU
		{73B6F377-032B-456B-95CC-AF16D83D1CCC}.Release|iPhoneSimulator.ActiveCfg = Release|Any CPU
		{73B6F377-032B-456B-95CC-AF16D83D1CCC}.Release|iPhoneSimulator.Build.0 = Release|Any CPU
		{73B6F377-032B-456B-95CC-AF16D83D1CCC}.Release|iPhoneSimulator.Deploy.0 = Release|Any CPU
		{73B6F377-032B-456B-95CC-AF16D83D1CCC}.Release|x64.ActiveCfg = Release|Any CPU
		{73B6F377-032B-456B-95CC-AF16D83D1CCC}.Release|x64.Build.0 = Release|Any CPU
		{73B6F377-032B-456B-95CC-AF16D83D1CCC}.Release|x64.Deploy.0 = Release|Any CPU
		{73B6F377-032B-456B-95CC-AF16D83D1CCC}.Release|x86.ActiveCfg = Release|Any CPU
		{73B6F377-032B-456B-95CC-AF16D83D1CCC}.Release|x86.Build.0 = Release|Any CPU
		{73B6F377-032B-456B-95CC-AF16D83D1CCC}.Release|x86.Deploy.0 = Release|Any CPU
		{A3F5C83E-9A07-41A4-8413-DB78D8997079}.Ad-Hoc|Any CPU.ActiveCfg = Ad-Hoc|iPhone
		{A3F5C83E-9A07-41A4-8413-DB78D8997079}.Ad-Hoc|Any CPU.Build.0 = Ad-Hoc|iPhone
		{A3F5C83E-9A07-41A4-8413-DB78D8997079}.Ad-Hoc|Any CPU.Deploy.0 = Ad-Hoc|iPhone
		{A3F5C83E-9A07-41A4-8413-DB78D8997079}.Ad-Hoc|ARM.ActiveCfg = Ad-Hoc|iPhone
		{A3F5C83E-9A07-41A4-8413-DB78D8997079}.Ad-Hoc|ARM.Build.0 = Ad-Hoc|iPhone
		{A3F5C83E-9A07-41A4-8413-DB78D8997079}.Ad-Hoc|ARM.Deploy.0 = Ad-Hoc|iPhone
		{A3F5C83E-9A07-41A4-8413-DB78D8997079}.Ad-Hoc|iPhone.ActiveCfg = Ad-Hoc|iPhone
		{A3F5C83E-9A07-41A4-8413-DB78D8997079}.Ad-Hoc|iPhone.Build.0 = Ad-Hoc|iPhone
		{A3F5C83E-9A07-41A4-8413-DB78D8997079}.Ad-Hoc|iPhone.Deploy.0 = Ad-Hoc|iPhone
		{A3F5C83E-9A07-41A4-8413-DB78D8997079}.Ad-Hoc|iPhoneSimulator.ActiveCfg = Ad-Hoc|iPhoneSimulator
		{A3F5C83E-9A07-41A4-8413-DB78D8997079}.Ad-Hoc|iPhoneSimulator.Build.0 = Ad-Hoc|iPhoneSimulator
		{A3F5C83E-9A07-41A4-8413-DB78D8997079}.Ad-Hoc|iPhoneSimulator.Deploy.0 = Ad-Hoc|iPhoneSimulator
		{A3F5C83E-9A07-41A4-8413-DB78D8997079}.Ad-Hoc|x64.ActiveCfg = Ad-Hoc|iPhone
		{A3F5C83E-9A07-41A4-8413-DB78D8997079}.Ad-Hoc|x64.Build.0 = Ad-Hoc|iPhone
		{A3F5C83E-9A07-41A4-8413-DB78D8997079}.Ad-Hoc|x64.Deploy.0 = Ad-Hoc|iPhone
		{A3F5C83E-9A07-41A4-8413-DB78D8997079}.Ad-Hoc|x86.ActiveCfg = Ad-Hoc|iPhone
		{A3F5C83E-9A07-41A4-8413-DB78D8997079}.Ad-Hoc|x86.Build.0 = Ad-Hoc|iPhone
		{A3F5C83E-9A07-41A4-8413-DB78D8997079}.Ad-Hoc|x86.Deploy.0 = Ad-Hoc|iPhone
		{A3F5C83E-9A07-41A4-8413-DB78D8997079}.AppStore|Any CPU.ActiveCfg = AppStore|iPhone
		{A3F5C83E-9A07-41A4-8413-DB78D8997079}.AppStore|Any CPU.Build.0 = AppStore|iPhone
		{A3F5C83E-9A07-41A4-8413-DB78D8997079}.AppStore|Any CPU.Deploy.0 = AppStore|iPhone
		{A3F5C83E-9A07-41A4-8413-DB78D8997079}.AppStore|ARM.ActiveCfg = AppStore|iPhone
		{A3F5C83E-9A07-41A4-8413-DB78D8997079}.AppStore|ARM.Build.0 = AppStore|iPhone
		{A3F5C83E-9A07-41A4-8413-DB78D8997079}.AppStore|ARM.Deploy.0 = AppStore|iPhone
		{A3F5C83E-9A07-41A4-8413-DB78D8997079}.AppStore|iPhone.ActiveCfg = AppStore|iPhone
		{A3F5C83E-9A07-41A4-8413-DB78D8997079}.AppStore|iPhone.Build.0 = AppStore|iPhone
		{A3F5C83E-9A07-41A4-8413-DB78D8997079}.AppStore|iPhone.Deploy.0 = AppStore|iPhone
		{A3F5C83E-9A07-41A4-8413-DB78D8997079}.AppStore|iPhoneSimulator.ActiveCfg = AppStore|iPhoneSimulator
		{A3F5C83E-9A07-41A4-8413-DB78D8997079}.AppStore|iPhoneSimulator.Build.0 = AppStore|iPhoneSimulator
		{A3F5C83E-9A07-41A4-8413-DB78D8997079}.AppStore|iPhoneSimulator.Deploy.0 = AppStore|iPhoneSimulator
		{A3F5C83E-9A07-41A4-8413-DB78D8997079}.AppStore|x64.ActiveCfg = AppStore|iPhone
		{A3F5C83E-9A07-41A4-8413-DB78D8997079}.AppStore|x64.Build.0 = AppStore|iPhone
		{A3F5C83E-9A07-41A4-8413-DB78D8997079}.AppStore|x64.Deploy.0 = AppStore|iPhone
		{A3F5C83E-9A07-41A4-8413-DB78D8997079}.AppStore|x86.ActiveCfg = AppStore|iPhone
		{A3F5C83E-9A07-41A4-8413-DB78D8997079}.AppStore|x86.Build.0 = AppStore|iPhone
		{A3F5C83E-9A07-41A4-8413-DB78D8997079}.AppStore|x86.Deploy.0 = AppStore|iPhone
		{A3F5C83E-9A07-41A4-8413-DB78D8997079}.Debug|Any CPU.ActiveCfg = Debug|iPhoneSimulator
		{A3F5C83E-9A07-41A4-8413-DB78D8997079}.Debug|Any CPU.Build.0 = Debug|iPhoneSimulator
		{A3F5C83E-9A07-41A4-8413-DB78D8997079}.Debug|Any CPU.Deploy.0 = Debug|iPhoneSimulator
		{A3F5C83E-9A07-41A4-8413-DB78D8997079}.Debug|ARM.ActiveCfg = Debug|iPhone
		{A3F5C83E-9A07-41A4-8413-DB78D8997079}.Debug|ARM.Build.0 = Debug|iPhone
		{A3F5C83E-9A07-41A4-8413-DB78D8997079}.Debug|ARM.Deploy.0 = Debug|iPhone
		{A3F5C83E-9A07-41A4-8413-DB78D8997079}.Debug|iPhone.ActiveCfg = Debug|iPhone
		{A3F5C83E-9A07-41A4-8413-DB78D8997079}.Debug|iPhone.Build.0 = Debug|iPhone
		{A3F5C83E-9A07-41A4-8413-DB78D8997079}.Debug|iPhone.Deploy.0 = Debug|iPhone
		{A3F5C83E-9A07-41A4-8413-DB78D8997079}.Debug|iPhoneSimulator.ActiveCfg = Debug|iPhoneSimulator
		{A3F5C83E-9A07-41A4-8413-DB78D8997079}.Debug|iPhoneSimulator.Build.0 = Debug|iPhoneSimulator
		{A3F5C83E-9A07-41A4-8413-DB78D8997079}.Debug|iPhoneSimulator.Deploy.0 = Debug|iPhoneSimulator
		{A3F5C83E-9A07-41A4-8413-DB78D8997079}.Debug|x64.ActiveCfg = Debug|iPhone
		{A3F5C83E-9A07-41A4-8413-DB78D8997079}.Debug|x64.Build.0 = Debug|iPhone
		{A3F5C83E-9A07-41A4-8413-DB78D8997079}.Debug|x64.Deploy.0 = Debug|iPhone
		{A3F5C83E-9A07-41A4-8413-DB78D8997079}.Debug|x86.ActiveCfg = Debug|iPhone
		{A3F5C83E-9A07-41A4-8413-DB78D8997079}.Debug|x86.Build.0 = Debug|iPhone
		{A3F5C83E-9A07-41A4-8413-DB78D8997079}.Debug|x86.Deploy.0 = Debug|iPhone
		{A3F5C83E-9A07-41A4-8413-DB78D8997079}.Release|Any CPU.ActiveCfg = Release|iPhone
		{A3F5C83E-9A07-41A4-8413-DB78D8997079}.Release|Any CPU.Build.0 = Release|iPhone
		{A3F5C83E-9A07-41A4-8413-DB78D8997079}.Release|Any CPU.Deploy.0 = Release|iPhone
		{A3F5C83E-9A07-41A4-8413-DB78D8997079}.Release|ARM.ActiveCfg = Release|iPhone
		{A3F5C83E-9A07-41A4-8413-DB78D8997079}.Release|ARM.Build.0 = Release|iPhone
		{A3F5C83E-9A07-41A4-8413-DB78D8997079}.Release|ARM.Deploy.0 = Release|iPhone
		{A3F5C83E-9A07-41A4-8413-DB78D8997079}.Release|iPhone.ActiveCfg = Release|iPhone
		{A3F5C83E-9A07-41A4-8413-DB78D8997079}.Release|iPhone.Build.0 = Release|iPhone
		{A3F5C83E-9A07-41A4-8413-DB78D8997079}.Release|iPhone.Deploy.0 = Release|iPhone
		{A3F5C83E-9A07-41A4-8413-DB78D8997079}.Release|iPhoneSimulator.ActiveCfg = Release|iPhoneSimulator
		{A3F5C83E-9A07-41A4-8413-DB78D8997079}.Release|iPhoneSimulator.Build.0 = Release|iPhoneSimulator
		{A3F5C83E-9A07-41A4-8413-DB78D8997079}.Release|iPhoneSimulator.Deploy.0 = Release|iPhoneSimulator
		{A3F5C83E-9A07-41A4-8413-DB78D8997079}.Release|x64.ActiveCfg = Release|iPhone
		{A3F5C83E-9A07-41A4-8413-DB78D8997079}.Release|x64.Build.0 = Release|iPhone
		{A3F5C83E-9A07-41A4-8413-DB78D8997079}.Release|x64.Deploy.0 = Release|iPhone
		{A3F5C83E-9A07-41A4-8413-DB78D8997079}.Release|x86.ActiveCfg = Release|iPhone
		{A3F5C83E-9A07-41A4-8413-DB78D8997079}.Release|x86.Build.0 = Release|iPhone
		{A3F5C83E-9A07-41A4-8413-DB78D8997079}.Release|x86.Deploy.0 = Release|iPhone
		{593E83A5-BD66-4B30-9D44-B3E1607F69B4}.Ad-Hoc|Any CPU.ActiveCfg = Release|x86
		{593E83A5-BD66-4B30-9D44-B3E1607F69B4}.Ad-Hoc|Any CPU.Build.0 = Release|x86
		{593E83A5-BD66-4B30-9D44-B3E1607F69B4}.Ad-Hoc|Any CPU.Deploy.0 = Release|x86
		{593E83A5-BD66-4B30-9D44-B3E1607F69B4}.Ad-Hoc|ARM.ActiveCfg = Release|ARM
		{593E83A5-BD66-4B30-9D44-B3E1607F69B4}.Ad-Hoc|ARM.Build.0 = Release|ARM
		{593E83A5-BD66-4B30-9D44-B3E1607F69B4}.Ad-Hoc|ARM.Deploy.0 = Release|ARM
		{593E83A5-BD66-4B30-9D44-B3E1607F69B4}.Ad-Hoc|iPhone.ActiveCfg = Release|x86
		{593E83A5-BD66-4B30-9D44-B3E1607F69B4}.Ad-Hoc|iPhone.Build.0 = Release|x86
		{593E83A5-BD66-4B30-9D44-B3E1607F69B4}.Ad-Hoc|iPhone.Deploy.0 = Release|x86
		{593E83A5-BD66-4B30-9D44-B3E1607F69B4}.Ad-Hoc|iPhoneSimulator.ActiveCfg = Release|x86
		{593E83A5-BD66-4B30-9D44-B3E1607F69B4}.Ad-Hoc|iPhoneSimulator.Build.0 = Release|x86
		{593E83A5-BD66-4B30-9D44-B3E1607F69B4}.Ad-Hoc|iPhoneSimulator.Deploy.0 = Release|x86
		{593E83A5-BD66-4B30-9D44-B3E1607F69B4}.Ad-Hoc|x64.ActiveCfg = Release|x64
		{593E83A5-BD66-4B30-9D44-B3E1607F69B4}.Ad-Hoc|x64.Build.0 = Release|x64
		{593E83A5-BD66-4B30-9D44-B3E1607F69B4}.Ad-Hoc|x64.Deploy.0 = Release|x64
		{593E83A5-BD66-4B30-9D44-B3E1607F69B4}.Ad-Hoc|x86.ActiveCfg = Release|x86
		{593E83A5-BD66-4B30-9D44-B3E1607F69B4}.Ad-Hoc|x86.Build.0 = Release|x86
		{593E83A5-BD66-4B30-9D44-B3E1607F69B4}.Ad-Hoc|x86.Deploy.0 = Release|x86
		{593E83A5-BD66-4B30-9D44-B3E1607F69B4}.AppStore|Any CPU.ActiveCfg = Release|x86
		{593E83A5-BD66-4B30-9D44-B3E1607F69B4}.AppStore|Any CPU.Build.0 = Release|x86
		{593E83A5-BD66-4B30-9D44-B3E1607F69B4}.AppStore|Any CPU.Deploy.0 = Release|x86
		{593E83A5-BD66-4B30-9D44-B3E1607F69B4}.AppStore|ARM.ActiveCfg = Release|ARM
		{593E83A5-BD66-4B30-9D44-B3E1607F69B4}.AppStore|ARM.Build.0 = Release|ARM
		{593E83A5-BD66-4B30-9D44-B3E1607F69B4}.AppStore|ARM.Deploy.0 = Release|ARM
		{593E83A5-BD66-4B30-9D44-B3E1607F69B4}.AppStore|iPhone.ActiveCfg = Release|x86
		{593E83A5-BD66-4B30-9D44-B3E1607F69B4}.AppStore|iPhone.Build.0 = Release|x86
		{593E83A5-BD66-4B30-9D44-B3E1607F69B4}.AppStore|iPhone.Deploy.0 = Release|x86
		{593E83A5-BD66-4B30-9D44-B3E1607F69B4}.AppStore|iPhoneSimulator.ActiveCfg = Release|x86
		{593E83A5-BD66-4B30-9D44-B3E1607F69B4}.AppStore|iPhoneSimulator.Build.0 = Release|x86
		{593E83A5-BD66-4B30-9D44-B3E1607F69B4}.AppStore|iPhoneSimulator.Deploy.0 = Release|x86
		{593E83A5-BD66-4B30-9D44-B3E1607F69B4}.AppStore|x64.ActiveCfg = Release|x64
		{593E83A5-BD66-4B30-9D44-B3E1607F69B4}.AppStore|x64.Build.0 = Release|x64
		{593E83A5-BD66-4B30-9D44-B3E1607F69B4}.AppStore|x64.Deploy.0 = Release|x64
		{593E83A5-BD66-4B30-9D44-B3E1607F69B4}.AppStore|x86.ActiveCfg = Release|x86
		{593E83A5-BD66-4B30-9D44-B3E1607F69B4}.AppStore|x86.Build.0 = Release|x86
		{593E83A5-BD66-4B30-9D44-B3E1607F69B4}.AppStore|x86.Deploy.0 = Release|x86
		{593E83A5-BD66-4B30-9D44-B3E1607F69B4}.Debug|Any CPU.ActiveCfg = Debug|x86
		{593E83A5-BD66-4B30-9D44-B3E1607F69B4}.Debug|Any CPU.Build.0 = Debug|x86
		{593E83A5-BD66-4B30-9D44-B3E1607F69B4}.Debug|Any CPU.Deploy.0 = Debug|x86
		{593E83A5-BD66-4B30-9D44-B3E1607F69B4}.Debug|ARM.ActiveCfg = Debug|ARM
		{593E83A5-BD66-4B30-9D44-B3E1607F69B4}.Debug|ARM.Build.0 = Debug|ARM
		{593E83A5-BD66-4B30-9D44-B3E1607F69B4}.Debug|ARM.Deploy.0 = Debug|ARM
		{593E83A5-BD66-4B30-9D44-B3E1607F69B4}.Debug|iPhone.ActiveCfg = Debug|x86
		{593E83A5-BD66-4B30-9D44-B3E1607F69B4}.Debug|iPhone.Build.0 = Debug|x86
		{593E83A5-BD66-4B30-9D44-B3E1607F69B4}.Debug|iPhone.Deploy.0 = Debug|x86
		{593E83A5-BD66-4B30-9D44-B3E1607F69B4}.Debug|iPhoneSimulator.ActiveCfg = Debug|x86
		{593E83A5-BD66-4B30-9D44-B3E1607F69B4}.Debug|iPhoneSimulator.Build.0 = Debug|x86
		{593E83A5-BD66-4B30-9D44-B3E1607F69B4}.Debug|iPhoneSimulator.Deploy.0 = Debug|x86
		{593E83A5-BD66-4B30-9D44-B3E1607F69B4}.Debug|x64.ActiveCfg = Debug|x64
		{593E83A5-BD66-4B30-9D44-B3E1607F69B4}.Debug|x64.Build.0 = Debug|x64
		{593E83A5-BD66-4B30-9D44-B3E1607F69B4}.Debug|x64.Deploy.0 = Debug|x64
		{593E83A5-BD66-4B30-9D44-B3E1607F69B4}.Debug|x86.ActiveCfg = Debug|x86
		{593E83A5-BD66-4B30-9D44-B3E1607F69B4}.Debug|x86.Build.0 = Debug|x86
		{593E83A5-BD66-4B30-9D44-B3E1607F69B4}.Debug|x86.Deploy.0 = Debug|x86
		{593E83A5-BD66-4B30-9D44-B3E1607F69B4}.Release|Any CPU.ActiveCfg = Release|x86
		{593E83A5-BD66-4B30-9D44-B3E1607F69B4}.Release|Any CPU.Build.0 = Release|x86
		{593E83A5-BD66-4B30-9D44-B3E1607F69B4}.Release|Any CPU.Deploy.0 = Release|x86
		{593E83A5-BD66-4B30-9D44-B3E1607F69B4}.Release|ARM.ActiveCfg = Release|ARM
		{593E83A5-BD66-4B30-9D44-B3E1607F69B4}.Release|ARM.Build.0 = Release|ARM
		{593E83A5-BD66-4B30-9D44-B3E1607F69B4}.Release|ARM.Deploy.0 = Release|ARM
		{593E83A5-BD66-4B30-9D44-B3E1607F69B4}.Release|iPhone.ActiveCfg = Release|x86
		{593E83A5-BD66-4B30-9D44-B3E1607F69B4}.Release|iPhone.Build.0 = Release|x86
		{593E83A5-BD66-4B30-9D44-B3E1607F69B4}.Release|iPhone.Deploy.0 = Release|x86
		{593E83A5-BD66-4B30-9D44-B3E1607F69B4}.Release|iPhoneSimulator.ActiveCfg = Release|x86
		{593E83A5-BD66-4B30-9D44-B3E1607F69B4}.Release|iPhoneSimulator.Build.0 = Release|x86
		{593E83A5-BD66-4B30-9D44-B3E1607F69B4}.Release|iPhoneSimulator.Deploy.0 = Release|x86
		{593E83A5-BD66-4B30-9D44-B3E1607F69B4}.Release|x64.ActiveCfg = Release|x64
		{593E83A5-BD66-4B30-9D44-B3E1607F69B4}.Release|x64.Build.0 = Release|x64
		{593E83A5-BD66-4B30-9D44-B3E1607F69B4}.Release|x64.Deploy.0 = Release|x64
		{593E83A5-BD66-4B30-9D44-B3E1607F69B4}.Release|x86.ActiveCfg = Release|x86
		{593E83A5-BD66-4B30-9D44-B3E1607F69B4}.Release|x86.Build.0 = Release|x86
		{593E83A5-BD66-4B30-9D44-B3E1607F69B4}.Release|x86.Deploy.0 = Release|x86
		{D9E52CA4-A947-436E-941D-90AE0DDBE3EF}.Ad-Hoc|Any CPU.ActiveCfg = Debug|Any CPU
		{D9E52CA4-A947-436E-941D-90AE0DDBE3EF}.Ad-Hoc|Any CPU.Build.0 = Debug|Any CPU
		{D9E52CA4-A947-436E-941D-90AE0DDBE3EF}.Ad-Hoc|Any CPU.Deploy.0 = Debug|Any CPU
		{D9E52CA4-A947-436E-941D-90AE0DDBE3EF}.Ad-Hoc|ARM.ActiveCfg = Debug|Any CPU
		{D9E52CA4-A947-436E-941D-90AE0DDBE3EF}.Ad-Hoc|ARM.Build.0 = Debug|Any CPU
		{D9E52CA4-A947-436E-941D-90AE0DDBE3EF}.Ad-Hoc|ARM.Deploy.0 = Debug|Any CPU
		{D9E52CA4-A947-436E-941D-90AE0DDBE3EF}.Ad-Hoc|iPhone.ActiveCfg = Debug|Any CPU
		{D9E52CA4-A947-436E-941D-90AE0DDBE3EF}.Ad-Hoc|iPhone.Build.0 = Debug|Any CPU
		{D9E52CA4-A947-436E-941D-90AE0DDBE3EF}.Ad-Hoc|iPhone.Deploy.0 = Debug|Any CPU
		{D9E52CA4-A947-436E-941D-90AE0DDBE3EF}.Ad-Hoc|iPhoneSimulator.ActiveCfg = Debug|Any CPU
		{D9E52CA4-A947-436E-941D-90AE0DDBE3EF}.Ad-Hoc|iPhoneSimulator.Build.0 = Debug|Any CPU
		{D9E52CA4-A947-436E-941D-90AE0DDBE3EF}.Ad-Hoc|iPhoneSimulator.Deploy.0 = Debug|Any CPU
		{D9E52CA4-A947-436E-941D-90AE0DDBE3EF}.Ad-Hoc|x64.ActiveCfg = Debug|Any CPU
		{D9E52CA4-A947-436E-941D-90AE0DDBE3EF}.Ad-Hoc|x64.Build.0 = Debug|Any CPU
		{D9E52CA4-A947-436E-941D-90AE0DDBE3EF}.Ad-Hoc|x64.Deploy.0 = Debug|Any CPU
		{D9E52CA4-A947-436E-941D-90AE0DDBE3EF}.Ad-Hoc|x86.ActiveCfg = Debug|Any CPU
		{D9E52CA4-A947-436E-941D-90AE0DDBE3EF}.Ad-Hoc|x86.Build.0 = Debug|Any CPU
		{D9E52CA4-A947-436E-941D-90AE0DDBE3EF}.Ad-Hoc|x86.Deploy.0 = Debug|Any CPU
		{D9E52CA4-A947-436E-941D-90AE0DDBE3EF}.AppStore|Any CPU.ActiveCfg = Debug|Any CPU
		{D9E52CA4-A947-436E-941D-90AE0DDBE3EF}.AppStore|Any CPU.Build.0 = Debug|Any CPU
		{D9E52CA4-A947-436E-941D-90AE0DDBE3EF}.AppStore|Any CPU.Deploy.0 = Debug|Any CPU
		{D9E52CA4-A947-436E-941D-90AE0DDBE3EF}.AppStore|ARM.ActiveCfg = Debug|Any CPU
		{D9E52CA4-A947-436E-941D-90AE0DDBE3EF}.AppStore|ARM.Build.0 = Debug|Any CPU
		{D9E52CA4-A947-436E-941D-90AE0DDBE3EF}.AppStore|ARM.Deploy.0 = Debug|Any CPU
		{D9E52CA4-A947-436E-941D-90AE0DDBE3EF}.AppStore|iPhone.ActiveCfg = Debug|Any CPU
		{D9E52CA4-A947-436E-941D-90AE0DDBE3EF}.AppStore|iPhone.Build.0 = Debug|Any CPU
		{D9E52CA4-A947-436E-941D-90AE0DDBE3EF}.AppStore|iPhone.Deploy.0 = Debug|Any CPU
		{D9E52CA4-A947-436E-941D-90AE0DDBE3EF}.AppStore|iPhoneSimulator.ActiveCfg = Debug|Any CPU
		{D9E52CA4-A947-436E-941D-90AE0DDBE3EF}.AppStore|iPhoneSimulator.Build.0 = Debug|Any CPU
		{D9E52CA4-A947-436E-941D-90AE0DDBE3EF}.AppStore|iPhoneSimulator.Deploy.0 = Debug|Any CPU
		{D9E52CA4-A947-436E-941D-90AE0DDBE3EF}.AppStore|x64.ActiveCfg = Debug|Any CPU
		{D9E52CA4-A947-436E-941D-90AE0DDBE3EF}.AppStore|x64.Build.0 = Debug|Any CPU
		{D9E52CA4-A947-436E-941D-90AE0DDBE3EF}.AppStore|x64.Deploy.0 = Debug|Any CPU
		{D9E52CA4-A947-436E-941D-90AE0DDBE3EF}.AppStore|x86.ActiveCfg = Debug|Any CPU
		{D9E52CA4-A947-436E-941D-90AE0DDBE3EF}.AppStore|x86.Build.0 = Debug|Any CPU
		{D9E52CA4-A947-436E-941D-90AE0DDBE3EF}.AppStore|x86.Deploy.0 = Debug|Any CPU
		{D9E52CA4-A947-436E-941D-90AE0DDBE3EF}.Debug|Any CPU.ActiveCfg = Debug|Any CPU
		{D9E52CA4-A947-436E-941D-90AE0DDBE3EF}.Debug|Any CPU.Build.0 = Debug|Any CPU
		{D9E52CA4-A947-436E-941D-90AE0DDBE3EF}.Debug|Any CPU.Deploy.0 = Debug|Any CPU
		{D9E52CA4-A947-436E-941D-90AE0DDBE3EF}.Debug|ARM.ActiveCfg = Debug|Any CPU
		{D9E52CA4-A947-436E-941D-90AE0DDBE3EF}.Debug|ARM.Build.0 = Debug|Any CPU
		{D9E52CA4-A947-436E-941D-90AE0DDBE3EF}.Debug|ARM.Deploy.0 = Debug|Any CPU
		{D9E52CA4-A947-436E-941D-90AE0DDBE3EF}.Debug|iPhone.ActiveCfg = Debug|Any CPU
		{D9E52CA4-A947-436E-941D-90AE0DDBE3EF}.Debug|iPhone.Build.0 = Debug|Any CPU
		{D9E52CA4-A947-436E-941D-90AE0DDBE3EF}.Debug|iPhone.Deploy.0 = Debug|Any CPU
		{D9E52CA4-A947-436E-941D-90AE0DDBE3EF}.Debug|iPhoneSimulator.ActiveCfg = Debug|Any CPU
		{D9E52CA4-A947-436E-941D-90AE0DDBE3EF}.Debug|iPhoneSimulator.Build.0 = Debug|Any CPU
		{D9E52CA4-A947-436E-941D-90AE0DDBE3EF}.Debug|iPhoneSimulator.Deploy.0 = Debug|Any CPU
		{D9E52CA4-A947-436E-941D-90AE0DDBE3EF}.Debug|x64.ActiveCfg = Debug|Any CPU
		{D9E52CA4-A947-436E-941D-90AE0DDBE3EF}.Debug|x64.Build.0 = Debug|Any CPU
		{D9E52CA4-A947-436E-941D-90AE0DDBE3EF}.Debug|x64.Deploy.0 = Debug|Any CPU
		{D9E52CA4-A947-436E-941D-90AE0DDBE3EF}.Debug|x86.ActiveCfg = Debug|Any CPU
		{D9E52CA4-A947-436E-941D-90AE0DDBE3EF}.Debug|x86.Build.0 = Debug|Any CPU
		{D9E52CA4-A947-436E-941D-90AE0DDBE3EF}.Debug|x86.Deploy.0 = Debug|Any CPU
		{D9E52CA4-A947-436E-941D-90AE0DDBE3EF}.Release|Any CPU.ActiveCfg = Release|Any CPU
		{D9E52CA4-A947-436E-941D-90AE0DDBE3EF}.Release|Any CPU.Build.0 = Release|Any CPU
		{D9E52CA4-A947-436E-941D-90AE0DDBE3EF}.Release|Any CPU.Deploy.0 = Release|Any CPU
		{D9E52CA4-A947-436E-941D-90AE0DDBE3EF}.Release|ARM.ActiveCfg = Release|Any CPU
		{D9E52CA4-A947-436E-941D-90AE0DDBE3EF}.Release|ARM.Build.0 = Release|Any CPU
		{D9E52CA4-A947-436E-941D-90AE0DDBE3EF}.Release|ARM.Deploy.0 = Release|Any CPU
		{D9E52CA4-A947-436E-941D-90AE0DDBE3EF}.Release|iPhone.ActiveCfg = Release|Any CPU
		{D9E52CA4-A947-436E-941D-90AE0DDBE3EF}.Release|iPhone.Build.0 = Release|Any CPU
		{D9E52CA4-A947-436E-941D-90AE0DDBE3EF}.Release|iPhone.Deploy.0 = Release|Any CPU
		{D9E52CA4-A947-436E-941D-90AE0DDBE3EF}.Release|iPhoneSimulator.ActiveCfg = Release|Any CPU
		{D9E52CA4-A947-436E-941D-90AE0DDBE3EF}.Release|iPhoneSimulator.Build.0 = Release|Any CPU
		{D9E52CA4-A947-436E-941D-90AE0DDBE3EF}.Release|iPhoneSimulator.Deploy.0 = Release|Any CPU
		{D9E52CA4-A947-436E-941D-90AE0DDBE3EF}.Release|x64.ActiveCfg = Release|Any CPU
		{D9E52CA4-A947-436E-941D-90AE0DDBE3EF}.Release|x64.Build.0 = Release|Any CPU
		{D9E52CA4-A947-436E-941D-90AE0DDBE3EF}.Release|x64.Deploy.0 = Release|Any CPU
		{D9E52CA4-A947-436E-941D-90AE0DDBE3EF}.Release|x86.ActiveCfg = Release|Any CPU
		{D9E52CA4-A947-436E-941D-90AE0DDBE3EF}.Release|x86.Build.0 = Release|Any CPU
		{D9E52CA4-A947-436E-941D-90AE0DDBE3EF}.Release|x86.Deploy.0 = Release|Any CPU
	EndGlobalSection
	GlobalSection(SolutionProperties) = preSolution
		HideSolutionNode = FALSE
	EndGlobalSection
	GlobalSection(ExtensibilityGlobals) = postSolution
		SolutionGuid = {6F79A675-F836-4487-B2C5-90F0E3A67AAD}
	EndGlobalSection
EndGlobal
